
Microsoft Visual Studio Solution File, Format Version 12.00
# Visual Studio Version 17
VisualStudioVersion = 17.0.31903.59
MinimumVisualStudioVersion = 10.0.40219.1
Project("{FAE04EC0-301F-11D3-BF4B-00C04F79EFBC}") = "Uc18Testes", "Uc18Testes\Uc18Testes.csproj", "{94264DAB-5917-4979-9898-589853F00771}"
EndProject
Project("{FAE04EC0-301F-11D3-BF4B-00C04F79EFBC}") = "TestMsUc18", "TestMsUc18\TestMsUc18.csproj", "{A3736180-BB16-40E2-A317-5744EA6851A9}"
EndProject
Project("{FAE04EC0-301F-11D3-BF4B-00C04F79EFBC}") = "TestxUnit", "TestxUnit\TestxUnit.csproj", "{78EDB57E-322D-4ECE-B964-76CF8CD825B1}"
EndProject
Global
	GlobalSection(SolutionConfigurationPlatforms) = preSolution
		Debug|Any CPU = Debug|Any CPU
		Release|Any CPU = Release|Any CPU
	EndGlobalSection
	GlobalSection(SolutionProperties) = preSolution
		HideSolutionNode = FALSE
	EndGlobalSection
	GlobalSection(ProjectConfigurationPlatforms) = postSolution
		{94264DAB-5917-4979-9898-589853F00771}.Debug|Any CPU.ActiveCfg = Debug|Any CPU
		{94264DAB-5917-4979-9898-589853F00771}.Debug|Any CPU.Build.0 = Debug|Any CPU
		{94264DAB-5917-4979-9898-589853F00771}.Release|Any CPU.ActiveCfg = Release|Any CPU
		{94264DAB-5917-4979-9898-589853F00771}.Release|Any CPU.Build.0 = Release|Any CPU
		{5DCE8A0E-7BFC-4178-960B-9E2E3D28033F}.Debug|Any CPU.ActiveCfg = Debug|Any CPU
		{5DCE8A0E-7BFC-4178-960B-9E2E3D28033F}.Debug|Any CPU.Build.0 = Debug|Any CPU
		{5DCE8A0E-7BFC-4178-960B-9E2E3D28033F}.Release|Any CPU.ActiveCfg = Release|Any CPU
		{5DCE8A0E-7BFC-4178-960B-9E2E3D28033F}.Release|Any CPU.Build.0 = Release|Any CPU
		{A3736180-BB16-40E2-A317-5744EA6851A9}.Debug|Any CPU.ActiveCfg = Debug|Any CPU
		{A3736180-BB16-40E2-A317-5744EA6851A9}.Debug|Any CPU.Build.0 = Debug|Any CPU
		{A3736180-BB16-40E2-A317-5744EA6851A9}.Release|Any CPU.ActiveCfg = Release|Any CPU
		{A3736180-BB16-40E2-A317-5744EA6851A9}.Release|Any CPU.Build.0 = Release|Any CPU
		{78EDB57E-322D-4ECE-B964-76CF8CD825B1}.Debug|Any CPU.ActiveCfg = Debug|Any CPU
		{78EDB57E-322D-4ECE-B964-76CF8CD825B1}.Debug|Any CPU.Build.0 = Debug|Any CPU
		{78EDB57E-322D-4ECE-B964-76CF8CD825B1}.Release|Any CPU.ActiveCfg = Release|Any CPU
		{78EDB57E-322D-4ECE-B964-76CF8CD825B1}.Release|Any CPU.Build.0 = Release|Any CPU
	EndGlobalSection
EndGlobal
